
Microsoft Visual Studio Solution File, Format Version 12.00
# Visual Studio Version 17
VisualStudioVersion = 17.9.34607.119
MinimumVisualStudioVersion = 10.0.40219.1
Project("{9A19103F-16F7-4668-BE54-9A1E7A4F7556}") = "CouplingDemonstration", "DependencyInjectionCourse\CouplingDemonstration.csproj", "{9EDEECFE-AFDB-486F-BB1D-E6AF2F3AEE71}"
EndProject
Project("{FAE04EC0-301F-11D3-BF4B-00C04F79EFBC}") = "IServiceCollectionAndProviderDemonstration", "IServiceCollectionAndProviderDemonstration\IServiceCollectionAndProviderDemonstration.csproj", "{8F3B66C2-60D8-4CAF-91A9-2F84974379C6}"
EndProject
Global
	GlobalSection(SolutionConfigurationPlatforms) = preSolution
		Debug|Any CPU = Debug|Any CPU
		Release|Any CPU = Release|Any CPU
	EndGlobalSection
	GlobalSection(ProjectConfigurationPlatforms) = postSolution
		{9EDEECFE-AFDB-486F-BB1D-E6AF2F3AEE71}.Debug|Any CPU.ActiveCfg = Debug|Any CPU
		{9EDEECFE-AFDB-486F-BB1D-E6AF2F3AEE71}.Debug|Any CPU.Build.0 = Debug|Any CPU
		{9EDEECFE-AFDB-486F-BB1D-E6AF2F3AEE71}.Release|Any CPU.ActiveCfg = Release|Any CPU
		{9EDEECFE-AFDB-486F-BB1D-E6AF2F3AEE71}.Release|Any CPU.Build.0 = Release|Any CPU
		{8F3B66C2-60D8-4CAF-91A9-2F84974379C6}.Debug|Any CPU.ActiveCfg = Debug|Any CPU
		{8F3B66C2-60D8-4CAF-91A9-2F84974379C6}.Debug|Any CPU.Build.0 = Debug|Any CPU
		{8F3B66C2-60D8-4CAF-91A9-2F84974379C6}.Release|Any CPU.ActiveCfg = Release|Any CPU
		{8F3B66C2-60D8-4CAF-91A9-2F84974379C6}.Release|Any CPU.Build.0 = Release|Any CPU
	EndGlobalSection
	GlobalSection(SolutionProperties) = preSolution
		HideSolutionNode = FALSE
	EndGlobalSection
	GlobalSection(ExtensibilityGlobals) = postSolution
		SolutionGuid = {6B23E5F3-CB7C-4488-AD9D-A78E2560FFC1}
	EndGlobalSection
EndGlobal
